PODS:
  - QXCameraKit (0.1.0)

DEPENDENCIES:
  - QXCameraKit (from `https://github.com/akirahrkw/QXCameraKit.git`, branch `swift2`)

EXTERNAL SOURCES:
  QXCameraKit:
    :branch: swift2
    :git: https://github.com/akirahrkw/QXCameraKit.git

CHECKOUT OPTIONS:
  QXCameraKit:
    :commit: 2bb0f68bacd651983d700b1dc4b99169be2f4d98
    :git: https://github.com/akirahrkw/QXCameraKit.git

SPEC CHECKSUMS:
  QXCameraKit: 4e728d5556bc8709487ba9c6f50c695b0a9a8bf7

COCOAPODS: 0.38.2
